
Microsoft Visual Studio Solution File, Format Version 12.00
# Visual Studio 15
VisualStudioVersion = 15.0.28307.136
MinimumVisualStudioVersion = 10.0.40219.1
Project("{9092AA53-FB77-4645-B42D-1CCCA6BD08BD}") = "renrendianBackend", "renrendianBackend\renrendianBackend.njsproj", "{719B9815-F247-4FDC-9D85-C03E8BB8F006}"
EndProject
Global
	GlobalSection(SolutionConfigurationPlatforms) = preSolution
		Debug|Any CPU = Debug|Any CPU
		Release|Any CPU = Release|Any CPU
	EndGlobalSection
	GlobalSection(ProjectConfigurationPlatforms) = postSolution
		{719B9815-F247-4FDC-9D85-C03E8BB8F006}.Debug|Any CPU.ActiveCfg = Debug|Any CPU
		{719B9815-F247-4FDC-9D85-C03E8BB8F006}.Debug|Any CPU.Build.0 = Debug|Any CPU
		{719B9815-F247-4FDC-9D85-C03E8BB8F006}.Release|Any CPU.ActiveCfg = Release|Any CPU
		{719B9815-F247-4FDC-9D85-C03E8BB8F006}.Release|Any CPU.Build.0 = Release|Any CPU
	EndGlobalSection
	GlobalSection(SolutionProperties) = preSolution
		HideSolutionNode = FALSE
	EndGlobalSection
	GlobalSection(ExtensibilityGlobals) = postSolution
		SolutionGuid = {C8F92256-944F-45C2-9E71-3F80F533FBB2}
	EndGlobalSection
EndGlobal
