
Microsoft Visual Studio Solution File, Format Version 12.00
# Visual Studio 15
VisualStudioVersion = 15.0.27703.2047
MinimumVisualStudioVersion = 10.0.40219.1
Project("{9092AA53-FB77-4645-B42D-1CCCA6BD08BD}") = "SubracBackend", "SubracBackend\SubracBackend.njsproj", "{5F3B678A-5664-42AB-B7C2-461E4F35BE32}"
EndProject
Global
	GlobalSection(SolutionConfigurationPlatforms) = preSolution
		Debug|Any CPU = Debug|Any CPU
		Release|Any CPU = Release|Any CPU
	EndGlobalSection
	GlobalSection(ProjectConfigurationPlatforms) = postSolution
		{5F3B678A-5664-42AB-B7C2-461E4F35BE32}.Debug|Any CPU.ActiveCfg = Debug|Any CPU
		{5F3B678A-5664-42AB-B7C2-461E4F35BE32}.Debug|Any CPU.Build.0 = Debug|Any CPU
		{5F3B678A-5664-42AB-B7C2-461E4F35BE32}.Release|Any CPU.ActiveCfg = Release|Any CPU
		{5F3B678A-5664-42AB-B7C2-461E4F35BE32}.Release|Any CPU.Build.0 = Release|Any CPU
	EndGlobalSection
	GlobalSection(SolutionProperties) = preSolution
		HideSolutionNode = FALSE
	EndGlobalSection
	GlobalSection(ExtensibilityGlobals) = postSolution
		SolutionGuid = {AA7232F5-4E38-4170-993A-D252B84328C4}
	EndGlobalSection
EndGlobal
