
Microsoft Visual Studio Solution File, Format Version 12.00
# Visual Studio 15
VisualStudioVersion = 15.0.27906.1
MinimumVisualStudioVersion = 10.0.40219.1
Project("{FAE04EC0-301F-11D3-BF4B-00C04F79EFBC}") = "MeShow.Android", "MeShow\MeShow.Android\MeShow.Android.csproj", "{AEE8FE51-0B77-472B-AB4F-7D25F6273CB4}"
EndProject
Project("{FAE04EC0-301F-11D3-BF4B-00C04F79EFBC}") = "MeShow.iOS", "MeShow\MeShow.iOS\MeShow.iOS.csproj", "{20B15C20-7C39-43BC-9098-95CF55D9A13F}"
EndProject
Project("{FAE04EC0-301F-11D3-BF4B-00C04F79EFBC}") = "MeShow.UWP", "MeShow\MeShow.UWP\MeShow.UWP.csproj", "{42CFAC07-8268-49CC-A90C-689A56724D67}"
EndProject
Project("{FAE04EC0-301F-11D3-BF4B-00C04F79EFBC}") = "MeShow", "MeShow\MeShow\MeShow.csproj", "{6331667D-2B1F-4A59-BD01-BF5E40088FAC}"
EndProject
Global
	GlobalSection(SolutionConfigurationPlatforms) = preSolution
		Debug|Any CPU = Debug|Any CPU
		Debug|ARM = Debug|ARM
		Debug|iPhone = Debug|iPhone
		Debug|iPhoneSimulator = Debug|iPhoneSimulator
		Debug|x64 = Debug|x64
		Debug|x86 = Debug|x86
		Release|Any CPU = Release|Any CPU
		Release|ARM = Release|ARM
		Release|iPhone = Release|iPhone
		Release|iPhoneSimulator = Release|iPhoneSimulator
		Release|x64 = Release|x64
		Release|x86 = Release|x86
	EndGlobalSection
	GlobalSection(ProjectConfigurationPlatforms) = postSolution
		{AEE8FE51-0B77-472B-AB4F-7D25F6273CB4}.Debug|Any CPU.ActiveCfg = Debug|Any CPU
		{AEE8FE51-0B77-472B-AB4F-7D25F6273CB4}.Debug|Any CPU.Build.0 = Debug|Any CPU
		{AEE8FE51-0B77-472B-AB4F-7D25F6273CB4}.Debug|Any CPU.Deploy.0 = Debug|Any CPU
		{AEE8FE51-0B77-472B-AB4F-7D25F6273CB4}.Debug|ARM.ActiveCfg = Debug|Any CPU
		{AEE8FE51-0B77-472B-AB4F-7D25F6273CB4}.Debug|ARM.Build.0 = Debug|Any CPU
		{AEE8FE51-0B77-472B-AB4F-7D25F6273CB4}.Debug|ARM.Deploy.0 = Debug|Any CPU
		{AEE8FE51-0B77-472B-AB4F-7D25F6273CB4}.Debug|iPhone.ActiveCfg = Debug|Any CPU
		{AEE8FE51-0B77-472B-AB4F-7D25F6273CB4}.Debug|iPhone.Build.0 = Debug|Any CPU
		{AEE8FE51-0B77-472B-AB4F-7D25F6273CB4}.Debug|iPhone.Deploy.0 = Debug|Any CPU
		{AEE8FE51-0B77-472B-AB4F-7D25F6273CB4}.Debug|iPhoneSimulator.ActiveCfg = Debug|Any CPU
		{AEE8FE51-0B77-472B-AB4F-7D25F6273CB4}.Debug|iPhoneSimulator.Build.0 = Debug|Any CPU
		{AEE8FE51-0B77-472B-AB4F-7D25F6273CB4}.Debug|iPhoneSimulator.Deploy.0 = Debug|Any CPU
		{AEE8FE51-0B77-472B-AB4F-7D25F6273CB4}.Debug|x64.ActiveCfg = Debug|Any CPU
		{AEE8FE51-0B77-472B-AB4F-7D25F6273CB4}.Debug|x64.Build.0 = Debug|Any CPU
		{AEE8FE51-0B77-472B-AB4F-7D25F6273CB4}.Debug|x64.Deploy.0 = Debug|Any CPU
		{AEE8FE51-0B77-472B-AB4F-7D25F6273CB4}.Debug|x86.ActiveCfg = Debug|Any CPU
		{AEE8FE51-0B77-472B-AB4F-7D25F6273CB4}.Debug|x86.Build.0 = Debug|Any CPU
		{AEE8FE51-0B77-472B-AB4F-7D25F6273CB4}.Debug|x86.Deploy.0 = Debug|Any CPU
		{AEE8FE51-0B77-472B-AB4F-7D25F6273CB4}.Release|Any CPU.ActiveCfg = Release|Any CPU
		{AEE8FE51-0B77-472B-AB4F-7D25F6273CB4}.Release|Any CPU.Build.0 = Release|Any CPU
		{AEE8FE51-0B77-472B-AB4F-7D25F6273CB4}.Release|Any CPU.Deploy.0 = Release|Any CPU
		{AEE8FE51-0B77-472B-AB4F-7D25F6273CB4}.Release|ARM.ActiveCfg = Release|Any CPU
		{AEE8FE51-0B77-472B-AB4F-7D25F6273CB4}.Release|ARM.Build.0 = Release|Any CPU
		{AEE8FE51-0B77-472B-AB4F-7D25F6273CB4}.Release|ARM.Deploy.0 = Release|Any CPU
		{AEE8FE51-0B77-472B-AB4F-7D25F6273CB4}.Release|iPhone.ActiveCfg = Release|Any CPU
		{AEE8FE51-0B77-472B-AB4F-7D25F6273CB4}.Release|iPhone.Build.0 = Release|Any CPU
		{AEE8FE51-0B77-472B-AB4F-7D25F6273CB4}.Release|iPhone.Deploy.0 = Release|Any CPU
		{AEE8FE51-0B77-472B-AB4F-7D25F6273CB4}.Release|iPhoneSimulator.ActiveCfg = Release|Any CPU
		{AEE8FE51-0B77-472B-AB4F-7D25F6273CB4}.Release|iPhoneSimulator.Build.0 = Release|Any CPU
		{AEE8FE51-0B77-472B-AB4F-7D25F6273CB4}.Release|iPhoneSimulator.Deploy.0 = Release|Any CPU
		{AEE8FE51-0B77-472B-AB4F-7D25F6273CB4}.Release|x64.ActiveCfg = Release|Any CPU
		{AEE8FE51-0B77-472B-AB4F-7D25F6273CB4}.Release|x64.Build.0 = Release|Any CPU
		{AEE8FE51-0B77-472B-AB4F-7D25F6273CB4}.Release|x64.Deploy.0 = Release|Any CPU
		{AEE8FE51-0B77-472B-AB4F-7D25F6273CB4}.Release|x86.ActiveCfg = Release|Any CPU
		{AEE8FE51-0B77-472B-AB4F-7D25F6273CB4}.Release|x86.Build.0 = Release|Any CPU
		{AEE8FE51-0B77-472B-AB4F-7D25F6273CB4}.Release|x86.Deploy.0 = Release|Any CPU
		{20B15C20-7C39-43BC-9098-95CF55D9A13F}.Debug|Any CPU.ActiveCfg = Debug|iPhoneSimulator
		{20B15C20-7C39-43BC-9098-95CF55D9A13F}.Debug|Any CPU.Build.0 = Debug|iPhoneSimulator
		{20B15C20-7C39-43BC-9098-95CF55D9A13F}.Debug|Any CPU.Deploy.0 = Debug|iPhoneSimulator
		{20B15C20-7C39-43BC-9098-95CF55D9A13F}.Debug|ARM.ActiveCfg = Debug|iPhone
		{20B15C20-7C39-43BC-9098-95CF55D9A13F}.Debug|ARM.Build.0 = Debug|iPhone
		{20B15C20-7C39-43BC-9098-95CF55D9A13F}.Debug|ARM.Deploy.0 = Debug|iPhone
		{20B15C20-7C39-43BC-9098-95CF55D9A13F}.Debug|iPhone.ActiveCfg = Debug|iPhone
		{20B15C20-7C39-43BC-9098-95CF55D9A13F}.Debug|iPhone.Build.0 = Debug|iPhone
		{20B15C20-7C39-43BC-9098-95CF55D9A13F}.Debug|iPhone.Deploy.0 = Debug|iPhone
		{20B15C20-7C39-43BC-9098-95CF55D9A13F}.Debug|iPhoneSimulator.ActiveCfg = Debug|iPhoneSimulator
		{20B15C20-7C39-43BC-9098-95CF55D9A13F}.Debug|iPhoneSimulator.Build.0 = Debug|iPhoneSimulator
		{20B15C20-7C39-43BC-9098-95CF55D9A13F}.Debug|iPhoneSimulator.Deploy.0 = Debug|iPhoneSimulator
		{20B15C20-7C39-43BC-9098-95CF55D9A13F}.Debug|x64.ActiveCfg = Debug|iPhone
		{20B15C20-7C39-43BC-9098-95CF55D9A13F}.Debug|x64.Build.0 = Debug|iPhone
		{20B15C20-7C39-43BC-9098-95CF55D9A13F}.Debug|x64.Deploy.0 = Debug|iPhone
		{20B15C20-7C39-43BC-9098-95CF55D9A13F}.Debug|x86.ActiveCfg = Debug|iPhone
		{20B15C20-7C39-43BC-9098-95CF55D9A13F}.Debug|x86.Build.0 = Debug|iPhone
		{20B15C20-7C39-43BC-9098-95CF55D9A13F}.Debug|x86.Deploy.0 = Debug|iPhone
		{20B15C20-7C39-43BC-9098-95CF55D9A13F}.Release|Any CPU.ActiveCfg = Release|iPhone
		{20B15C20-7C39-43BC-9098-95CF55D9A13F}.Release|Any CPU.Build.0 = Release|iPhone
		{20B15C20-7C39-43BC-9098-95CF55D9A13F}.Release|Any CPU.Deploy.0 = Release|iPhone
		{20B15C20-7C39-43BC-9098-95CF55D9A13F}.Release|ARM.ActiveCfg = Release|iPhone
		{20B15C20-7C39-43BC-9098-95CF55D9A13F}.Release|ARM.Build.0 = Release|iPhone
		{20B15C20-7C39-43BC-9098-95CF55D9A13F}.Release|ARM.Deploy.0 = Release|iPhone
		{20B15C20-7C39-43BC-9098-95CF55D9A13F}.Release|iPhone.ActiveCfg = Release|iPhone
		{20B15C20-7C39-43BC-9098-95CF55D9A13F}.Release|iPhone.Build.0 = Release|iPhone
		{20B15C20-7C39-43BC-9098-95CF55D9A13F}.Release|iPhone.Deploy.0 = Release|iPhone
		{20B15C20-7C39-43BC-9098-95CF55D9A13F}.Release|iPhoneSimulator.ActiveCfg = Release|iPhoneSimulator
		{20B15C20-7C39-43BC-9098-95CF55D9A13F}.Release|iPhoneSimulator.Build.0 = Release|iPhoneSimulator
		{20B15C20-7C39-43BC-9098-95CF55D9A13F}.Release|iPhoneSimulator.Deploy.0 = Release|iPhoneSimulator
		{20B15C20-7C39-43BC-9098-95CF55D9A13F}.Release|x64.ActiveCfg = Release|iPhone
		{20B15C20-7C39-43BC-9098-95CF55D9A13F}.Release|x64.Build.0 = Release|iPhone
		{20B15C20-7C39-43BC-9098-95CF55D9A13F}.Release|x64.Deploy.0 = Release|iPhone
		{20B15C20-7C39-43BC-9098-95CF55D9A13F}.Release|x86.ActiveCfg = Release|iPhone
		{20B15C20-7C39-43BC-9098-95CF55D9A13F}.Release|x86.Build.0 = Release|iPhone
		{20B15C20-7C39-43BC-9098-95CF55D9A13F}.Release|x86.Deploy.0 = Release|iPhone
		{42CFAC07-8268-49CC-A90C-689A56724D67}.Debug|Any CPU.ActiveCfg = Debug|x86
		{42CFAC07-8268-49CC-A90C-689A56724D67}.Debug|Any CPU.Build.0 = Debug|x86
		{42CFAC07-8268-49CC-A90C-689A56724D67}.Debug|Any CPU.Deploy.0 = Debug|x86
		{42CFAC07-8268-49CC-A90C-689A56724D67}.Debug|ARM.ActiveCfg = Debug|ARM
		{42CFAC07-8268-49CC-A90C-689A56724D67}.Debug|ARM.Build.0 = Debug|ARM
		{42CFAC07-8268-49CC-A90C-689A56724D67}.Debug|ARM.Deploy.0 = Debug|ARM
		{42CFAC07-8268-49CC-A90C-689A56724D67}.Debug|iPhone.ActiveCfg = Debug|x86
		{42CFAC07-8268-49CC-A90C-689A56724D67}.Debug|iPhone.Build.0 = Debug|x86
		{42CFAC07-8268-49CC-A90C-689A56724D67}.Debug|iPhone.Deploy.0 = Debug|x86
		{42CFAC07-8268-49CC-A90C-689A56724D67}.Debug|iPhoneSimulator.ActiveCfg = Debug|x86
		{42CFAC07-8268-49CC-A90C-689A56724D67}.Debug|iPhoneSimulator.Build.0 = Debug|x86
		{42CFAC07-8268-49CC-A90C-689A56724D67}.Debug|iPhoneSimulator.Deploy.0 = Debug|x86
		{42CFAC07-8268-49CC-A90C-689A56724D67}.Debug|x64.ActiveCfg = Debug|x64
		{42CFAC07-8268-49CC-A90C-689A56724D67}.Debug|x64.Build.0 = Debug|x64
		{42CFAC07-8268-49CC-A90C-689A56724D67}.Debug|x64.Deploy.0 = Debug|x64
		{42CFAC07-8268-49CC-A90C-689A56724D67}.Debug|x86.ActiveCfg = Debug|x86
		{42CFAC07-8268-49CC-A90C-689A56724D67}.Debug|x86.Build.0 = Debug|x86
		{42CFAC07-8268-49CC-A90C-689A56724D67}.Debug|x86.Deploy.0 = Debug|x86
		{42CFAC07-8268-49CC-A90C-689A56724D67}.Release|Any CPU.ActiveCfg = Release|x86
		{42CFAC07-8268-49CC-A90C-689A56724D67}.Release|Any CPU.Build.0 = Release|x86
		{42CFAC07-8268-49CC-A90C-689A56724D67}.Release|Any CPU.Deploy.0 = Release|x86
		{42CFAC07-8268-49CC-A90C-689A56724D67}.Release|ARM.ActiveCfg = Release|ARM
		{42CFAC07-8268-49CC-A90C-689A56724D67}.Release|ARM.Build.0 = Release|ARM
		{42CFAC07-8268-49CC-A90C-689A56724D67}.Release|ARM.Deploy.0 = Release|ARM
		{42CFAC07-8268-49CC-A90C-689A56724D67}.Release|iPhone.ActiveCfg = Release|x86
		{42CFAC07-8268-49CC-A90C-689A56724D67}.Release|iPhone.Build.0 = Release|x86
		{42CFAC07-8268-49CC-A90C-689A56724D67}.Release|iPhone.Deploy.0 = Release|x86
		{42CFAC07-8268-49CC-A90C-689A56724D67}.Release|iPhoneSimulator.ActiveCfg = Release|x86
		{42CFAC07-8268-49CC-A90C-689A56724D67}.Release|iPhoneSimulator.Build.0 = Release|x86
		{42CFAC07-8268-49CC-A90C-689A56724D67}.Release|iPhoneSimulator.Deploy.0 = Release|x86
		{42CFAC07-8268-49CC-A90C-689A56724D67}.Release|x64.ActiveCfg = Release|x64
		{42CFAC07-8268-49CC-A90C-689A56724D67}.Release|x64.Build.0 = Release|x64
		{42CFAC07-8268-49CC-A90C-689A56724D67}.Release|x64.Deploy.0 = Release|x64
		{42CFAC07-8268-49CC-A90C-689A56724D67}.Release|x86.ActiveCfg = Release|x86
		{42CFAC07-8268-49CC-A90C-689A56724D67}.Release|x86.Build.0 = Release|x86
		{42CFAC07-8268-49CC-A90C-689A56724D67}.Release|x86.Deploy.0 = Release|x86
		{6331667D-2B1F-4A59-BD01-BF5E40088FAC}.Debug|Any CPU.ActiveCfg = Debug|Any CPU
		{6331667D-2B1F-4A59-BD01-BF5E40088FAC}.Debug|Any CPU.Build.0 = Debug|Any CPU
		{6331667D-2B1F-4A59-BD01-BF5E40088FAC}.Debug|Any CPU.Deploy.0 = Debug|Any CPU
		{6331667D-2B1F-4A59-BD01-BF5E40088FAC}.Debug|ARM.ActiveCfg = Debug|Any CPU
		{6331667D-2B1F-4A59-BD01-BF5E40088FAC}.Debug|ARM.Build.0 = Debug|Any CPU
		{6331667D-2B1F-4A59-BD01-BF5E40088FAC}.Debug|ARM.Deploy.0 = Debug|Any CPU
		{6331667D-2B1F-4A59-BD01-BF5E40088FAC}.Debug|iPhone.ActiveCfg = Debug|Any CPU
		{6331667D-2B1F-4A59-BD01-BF5E40088FAC}.Debug|iPhone.Build.0 = Debug|Any CPU
		{6331667D-2B1F-4A59-BD01-BF5E40088FAC}.Debug|iPhone.Deploy.0 = Debug|Any CPU
		{6331667D-2B1F-4A59-BD01-BF5E40088FAC}.Debug|iPhoneSimulator.ActiveCfg = Debug|Any CPU
		{6331667D-2B1F-4A59-BD01-BF5E40088FAC}.Debug|iPhoneSimulator.Build.0 = Debug|Any CPU
		{6331667D-2B1F-4A59-BD01-BF5E40088FAC}.Debug|iPhoneSimulator.Deploy.0 = Debug|Any CPU
		{6331667D-2B1F-4A59-BD01-BF5E40088FAC}.Debug|x64.ActiveCfg = Debug|Any CPU
		{6331667D-2B1F-4A59-BD01-BF5E40088FAC}.Debug|x64.Build.0 = Debug|Any CPU
		{6331667D-2B1F-4A59-BD01-BF5E40088FAC}.Debug|x64.Deploy.0 = Debug|Any CPU
		{6331667D-2B1F-4A59-BD01-BF5E40088FAC}.Debug|x86.ActiveCfg = Debug|Any CPU
		{6331667D-2B1F-4A59-BD01-BF5E40088FAC}.Debug|x86.Build.0 = Debug|Any CPU
		{6331667D-2B1F-4A59-BD01-BF5E40088FAC}.Debug|x86.Deploy.0 = Debug|Any CPU
		{6331667D-2B1F-4A59-BD01-BF5E40088FAC}.Release|Any CPU.ActiveCfg = Release|Any CPU
		{6331667D-2B1F-4A59-BD01-BF5E40088FAC}.Release|Any CPU.Build.0 = Release|Any CPU
		{6331667D-2B1F-4A59-BD01-BF5E40088FAC}.Release|Any CPU.Deploy.0 = Release|Any CPU
		{6331667D-2B1F-4A59-BD01-BF5E40088FAC}.Release|ARM.ActiveCfg = Release|Any CPU
		{6331667D-2B1F-4A59-BD01-BF5E40088FAC}.Release|ARM.Build.0 = Release|Any CPU
		{6331667D-2B1F-4A59-BD01-BF5E40088FAC}.Release|ARM.Deploy.0 = Release|Any CPU
		{6331667D-2B1F-4A59-BD01-BF5E40088FAC}.Release|iPhone.ActiveCfg = Release|Any CPU
		{6331667D-2B1F-4A59-BD01-BF5E40088FAC}.Release|iPhone.Build.0 = Release|Any CPU
		{6331667D-2B1F-4A59-BD01-BF5E40088FAC}.Release|iPhone.Deploy.0 = Release|Any CPU
		{6331667D-2B1F-4A59-BD01-BF5E40088FAC}.Release|iPhoneSimulator.ActiveCfg = Release|Any CPU
		{6331667D-2B1F-4A59-BD01-BF5E40088FAC}.Release|iPhoneSimulator.Build.0 = Release|Any CPU
		{6331667D-2B1F-4A59-BD01-BF5E40088FAC}.Release|iPhoneSimulator.Deploy.0 = Release|Any CPU
		{6331667D-2B1F-4A59-BD01-BF5E40088FAC}.Release|x64.ActiveCfg = Release|Any CPU
		{6331667D-2B1F-4A59-BD01-BF5E40088FAC}.Release|x64.Build.0 = Release|Any CPU
		{6331667D-2B1F-4A59-BD01-BF5E40088FAC}.Release|x64.Deploy.0 = Release|Any CPU
		{6331667D-2B1F-4A59-BD01-BF5E40088FAC}.Release|x86.ActiveCfg = Release|Any CPU
		{6331667D-2B1F-4A59-BD01-BF5E40088FAC}.Release|x86.Build.0 = Release|Any CPU
		{6331667D-2B1F-4A59-BD01-BF5E40088FAC}.Release|x86.Deploy.0 = Release|Any CPU
	EndGlobalSection
	GlobalSection(SolutionProperties) = preSolution
		HideSolutionNode = FALSE
	EndGlobalSection
	GlobalSection(ExtensibilityGlobals) = postSolution
		SolutionGuid = {0B757040-087C-4165-BCE9-2AC79109D385}
	EndGlobalSection
EndGlobal
